
Microsoft Visual Studio Solution File, Format Version 12.00
# Visual Studio Version 17
VisualStudioVersion = 17.5.33516.290
MinimumVisualStudioVersion = 10.0.40219.1
Project("{FAE04EC0-301F-11D3-BF4B-00C04F79EFBC}") = "RabbitProducer", "RabbitProducer\RabbitProducer.csproj", "{7D44F5DF-E2DF-4008-AF8A-DE5AD9100FB5}"
EndProject
Project("{FAE04EC0-301F-11D3-BF4B-00C04F79EFBC}") = "RabbitConsumer", "RabbitConsumer\RabbitConsumer.csproj", "{B1B0B779-63B2-49E7-85CC-0A75E1E23B96}"
EndProject
Global
	GlobalSection(SolutionConfigurationPlatforms) = preSolution
		Debug|Any CPU = Debug|Any CPU
		Release|Any CPU = Release|Any CPU
	EndGlobalSection
	GlobalSection(ProjectConfigurationPlatforms) = postSolution
		{7D44F5DF-E2DF-4008-AF8A-DE5AD9100FB5}.Debug|Any CPU.ActiveCfg = Debug|Any CPU
		{7D44F5DF-E2DF-4008-AF8A-DE5AD9100FB5}.Debug|Any CPU.Build.0 = Debug|Any CPU
		{7D44F5DF-E2DF-4008-AF8A-DE5AD9100FB5}.Release|Any CPU.ActiveCfg = Release|Any CPU
		{7D44F5DF-E2DF-4008-AF8A-DE5AD9100FB5}.Release|Any CPU.Build.0 = Release|Any CPU
		{B1B0B779-63B2-49E7-85CC-0A75E1E23B96}.Debug|Any CPU.ActiveCfg = Debug|Any CPU
		{B1B0B779-63B2-49E7-85CC-0A75E1E23B96}.Debug|Any CPU.Build.0 = Debug|Any CPU
		{B1B0B779-63B2-49E7-85CC-0A75E1E23B96}.Release|Any CPU.ActiveCfg = Release|Any CPU
		{B1B0B779-63B2-49E7-85CC-0A75E1E23B96}.Release|Any CPU.Build.0 = Release|Any CPU
	EndGlobalSection
	GlobalSection(SolutionProperties) = preSolution
		HideSolutionNode = FALSE
	EndGlobalSection
	GlobalSection(ExtensibilityGlobals) = postSolution
		SolutionGuid = {DA24ACB0-39A2-4C11-A978-84EBD44BCC45}
	EndGlobalSection
EndGlobal
